
Microsoft Visual Studio Solution File, Format Version 12.00
# Visual Studio Version 17
VisualStudioVersion = 17.4.33103.184
MinimumVisualStudioVersion = 10.0.40219.1
Project("{FAE04EC0-301F-11D3-BF4B-00C04F79EFBC}") = "SharpTinyArgParser", "SharpTinyArgParser\SharpTinyArgParser.csproj", "{599D419A-BEF6-48F5-AD16-C56564B3EC8B}"
EndProject
Project("{FAE04EC0-301F-11D3-BF4B-00C04F79EFBC}") = "SharpTinyArgParserUnitTest", "SharpTinyArgParserUnitTest\SharpTinyArgParserUnitTest.csproj", "{2ACBDAF4-A4F8-4B0B-94CA-532DAFE24CA7}"
EndProject
Project("{FAE04EC0-301F-11D3-BF4B-00C04F79EFBC}") = "Demo", "Demo\Demo.csproj", "{72B1221A-6EC2-458F-9142-D3BE8163CF0D}"
EndProject
Global
	GlobalSection(SolutionConfigurationPlatforms) = preSolution
		Debug|Any CPU = Debug|Any CPU
		Release|Any CPU = Release|Any CPU
	EndGlobalSection
	GlobalSection(ProjectConfigurationPlatforms) = postSolution
		{599D419A-BEF6-48F5-AD16-C56564B3EC8B}.Debug|Any CPU.ActiveCfg = Debug|Any CPU
		{599D419A-BEF6-48F5-AD16-C56564B3EC8B}.Debug|Any CPU.Build.0 = Debug|Any CPU
		{599D419A-BEF6-48F5-AD16-C56564B3EC8B}.Release|Any CPU.ActiveCfg = Release|Any CPU
		{599D419A-BEF6-48F5-AD16-C56564B3EC8B}.Release|Any CPU.Build.0 = Release|Any CPU
		{2ACBDAF4-A4F8-4B0B-94CA-532DAFE24CA7}.Debug|Any CPU.ActiveCfg = Debug|Any CPU
		{2ACBDAF4-A4F8-4B0B-94CA-532DAFE24CA7}.Debug|Any CPU.Build.0 = Debug|Any CPU
		{2ACBDAF4-A4F8-4B0B-94CA-532DAFE24CA7}.Release|Any CPU.ActiveCfg = Release|Any CPU
		{2ACBDAF4-A4F8-4B0B-94CA-532DAFE24CA7}.Release|Any CPU.Build.0 = Release|Any CPU
		{72B1221A-6EC2-458F-9142-D3BE8163CF0D}.Debug|Any CPU.ActiveCfg = Debug|Any CPU
		{72B1221A-6EC2-458F-9142-D3BE8163CF0D}.Debug|Any CPU.Build.0 = Debug|Any CPU
		{72B1221A-6EC2-458F-9142-D3BE8163CF0D}.Release|Any CPU.ActiveCfg = Release|Any CPU
		{72B1221A-6EC2-458F-9142-D3BE8163CF0D}.Release|Any CPU.Build.0 = Release|Any CPU
	EndGlobalSection
	GlobalSection(SolutionProperties) = preSolution
		HideSolutionNode = FALSE
	EndGlobalSection
	GlobalSection(ExtensibilityGlobals) = postSolution
		SolutionGuid = {6063EB23-76F4-46F1-A558-0DE851E45C45}
	EndGlobalSection
EndGlobal
